
Microsoft Visual Studio Solution File, Format Version 12.00
# Visual Studio Version 16
VisualStudioVersion = 16.0.31605.320
MinimumVisualStudioVersion = 10.0.40219.1
Project("{9A19103F-16F7-4668-BE54-9A1E7A4F7556}") = "Rallyman", "Rallyman.csproj", "{57B88F27-ECC7-481B-A882-068449B10D8B}"
EndProject
Project("{FAE04EC0-301F-11D3-BF4B-00C04F79EFBC}") = "RallymanTests", "..\RallymanTests\RallymanTests.csproj", "{259AAF7C-45AB-454C-A6AB-D6018D5B6F53}"
EndProject
Global
	GlobalSection(SolutionConfigurationPlatforms) = preSolution
		Debug|Any CPU = Debug|Any CPU
		Release|Any CPU = Release|Any CPU
	EndGlobalSection
	GlobalSection(ProjectConfigurationPlatforms) = postSolution
		{57B88F27-ECC7-481B-A882-068449B10D8B}.Debug|Any CPU.ActiveCfg = Debug|Any CPU
		{57B88F27-ECC7-481B-A882-068449B10D8B}.Debug|Any CPU.Build.0 = Debug|Any CPU
		{57B88F27-ECC7-481B-A882-068449B10D8B}.Release|Any CPU.ActiveCfg = Release|Any CPU
		{57B88F27-ECC7-481B-A882-068449B10D8B}.Release|Any CPU.Build.0 = Release|Any CPU
		{259AAF7C-45AB-454C-A6AB-D6018D5B6F53}.Debug|Any CPU.ActiveCfg = Debug|Any CPU
		{259AAF7C-45AB-454C-A6AB-D6018D5B6F53}.Debug|Any CPU.Build.0 = Debug|Any CPU
		{259AAF7C-45AB-454C-A6AB-D6018D5B6F53}.Release|Any CPU.ActiveCfg = Release|Any CPU
		{259AAF7C-45AB-454C-A6AB-D6018D5B6F53}.Release|Any CPU.Build.0 = Release|Any CPU
	EndGlobalSection
	GlobalSection(SolutionProperties) = preSolution
		HideSolutionNode = FALSE
	EndGlobalSection
	GlobalSection(ExtensibilityGlobals) = postSolution
		SolutionGuid = {F6726C7C-22CF-4560-80C8-191EF04D256B}
	EndGlobalSection
EndGlobal
